
Microsoft Visual Studio Solution File, Format Version 12.00
# Visual Studio Version 17
VisualStudioVersion = 17.11.35219.272
MinimumVisualStudioVersion = 10.0.40219.1
Project("{FAE04EC0-301F-11D3-BF4B-00C04F79EFBC}") = "LeetCode", "LeetCode\LeetCode.csproj", "{B7BA70BC-B848-4115-826A-DB0C7493C67F}"
EndProject
Global
	GlobalSection(SolutionConfigurationPlatforms) = preSolution
		Debug|Any CPU = Debug|Any CPU
		Release|Any CPU = Release|Any CPU
	EndGlobalSection
	GlobalSection(ProjectConfigurationPlatforms) = postSolution
		{B7BA70BC-B848-4115-826A-DB0C7493C67F}.Debug|Any CPU.ActiveCfg = Debug|Any CPU
		{B7BA70BC-B848-4115-826A-DB0C7493C67F}.Debug|Any CPU.Build.0 = Debug|Any CPU
		{B7BA70BC-B848-4115-826A-DB0C7493C67F}.Release|Any CPU.ActiveCfg = Release|Any CPU
		{B7BA70BC-B848-4115-826A-DB0C7493C67F}.Release|Any CPU.Build.0 = Release|Any CPU
	EndGlobalSection
	GlobalSection(SolutionProperties) = preSolution
		HideSolutionNode = FALSE
	EndGlobalSection
	GlobalSection(ExtensibilityGlobals) = postSolution
		SolutionGuid = {6396CA5D-2B9C-4084-9FD9-70772433DFC9}
	EndGlobalSection
EndGlobal
